// !$*UTF8*$!
{
	archiveVersion = 1;
	classes = {
	};
	objectVersion = 46;
	objects = {

/* Begin PBXBuildFile section */
		70647D921B0CAC2A00FB1BF7 /* main.m in Sources */ = {isa = PBXBuildFile; fileRef = 70647D911B0CAC2A00FB1BF7 /* main.m */; };
		70647D951B0CAC2A00FB1BF7 /* AppDelegate.m in Sources */ = {isa = PBXBuildFile; fileRef = 70647D941B0CAC2A00FB1BF7 /* AppDelegate.m */; };
		70647D981B0CAC2A00FB1BF7 /* ViewController.m in Sources */ = {isa = PBXBuildFile; fileRef = 70647D971B0CAC2A00FB1BF7 /* ViewController.m */; };
		70647D9B1B0CAC2A00FB1BF7 /* Main.storyboard in Resources */ = {isa = PBXBuildFile; fileRef = 70647D991B0CAC2A00FB1BF7 /* Main.storyboard */; };
		70647D9D1B0CAC2A00FB1BF7 /* Images.xcassets in Resources */ = {isa = PBXBuildFile; fileRef = 70647D9C1B0CAC2A00FB1BF7 /* Images.xcassets */; };
		70647DA01B0CAC2A00FB1BF7 /* LaunchScreen.xib in Resources */ = {isa = PBXBuildFile; fileRef = 70647D9E1B0CAC2A00FB1BF7 /* LaunchScreen.xib */; };
		70647DAC1B0CAC2A00FB1BF7 /* reflection_UIalertviewtutTests.m in Sources */ = {isa = PBXBuildFile; fileRef = 70647DAB1B0CAC2A00FB1BF7 /* reflection_UIalertviewtutTests.m */; };
/* End PBXBuildFile section */

/* Begin PBXContainerItemProxy section */
		70647DA61B0CAC2A00FB1BF7 /* PBXContainerItemProxy */ = {
			isa = PBXContainerItemProxy;
			containerPortal = 70647D841B0CAC2A00FB1BF7 /* Project object */;
			proxyType = 1;
			remoteGlobalIDString = 70647D8B1B0CAC2A00FB1BF7;
			remoteInfo = "reflection-UIalertviewtut";
		};
/* End PBXContainerItemProxy section */

/* Begin PBXFileReference section */
		70647D8C1B0CAC2A00FB1BF7 /* reflection-UIalertviewtut.app */ = {isa = PBXFileReference; explicitFileType = wrapper.application; includeInIndex = 0; path = "reflection-UIalertviewtut.app"; sourceTree = BUILT_PRODUCTS_DIR; };
		70647D901B0CAC2A00FB1BF7 /* Info.plist */ = {isa = PBXFileReference; lastKnownFileType = text.plist.xml; path = Info.plist; sourceTree = "<group>"; };
		70647D911B0CAC2A00FB1BF7 /* main.m */ = {isa = PBXFileReference; lastKnownFileType = sourcecode.c.objc; path = main.m; sourceTree = "<group>"; };
		70647D931B0CAC2A00FB1BF7 /* AppDelegate.h */ = {isa = PBXFileReference; lastKnownFileType = sourcecode.c.h; path = AppDelegate.h; sourceTree = "<group>"; };
		70647D941B0CAC2A00FB1BF7 /* AppDelegate.m */ = {isa = PBXFileReference; lastKnownFileType = sourcecode.c.objc; path = AppDelegate.m; sourceTree = "<group>"; };
		70647D961B0CAC2A00FB1BF7 /* ViewController.h */ = {isa = PBXFileReference; lastKnownFileType = sourcecode.c.h; path = ViewController.h; sourceTree = "<group>"; };
		70647D971B0CAC2A00FB1BF7 /* ViewController.m */ = {isa = PBXFileReference; lastKnownFileType = sourcecode.c.objc; path = ViewController.m; sourceTree = "<group>"; };
		70647D9A1B0CAC2A00FB1BF7 /* Base */ = {isa = PBXFileReference; lastKnownFileType = file.storyboard; name = Base; path = Base.lproj/Main.storyboard; sourceTree = "<group>"; };
		70647D9C1B0CAC2A00FB1BF7 /* Images.xcassets */ = {isa = PBXFileReference; lastKnownFileType = folder.assetcatalog; path = Images.xcassets; sourceTree = "<group>"; };
		70647D9F1B0CAC2A00FB1BF7 /* Base */ = {isa = PBXFileReference; lastKnownFileType = file.xib; name = Base; path = Base.lproj/LaunchScreen.xib; sourceTree = "<group>"; };
		70647DA51B0CAC2A00FB1BF7 /* reflection-UIalertviewtutTests.xctest */ = {isa = PBXFileReference; explicitFileType = wrapper.cfbundle; includeInIndex = 0; path = "reflection-UIalertviewtutTests.xctest"; sourceTree = BUILT_PRODUCTS_DIR; };
		70647DAA1B0CAC2A00FB1BF7 /* Info.plist */ = {isa = PBXFileReference; lastKnownFileType = text.plist.xml; path = Info.plist; sourceTree = "<group>"; };
		70647DAB1B0CAC2A00FB1BF7 /* reflection_UIalertviewtutTests.m */ = {isa = PBXFileReference; lastKnownFileType = sourcecode.c.objc; path = reflection_UIalertviewtutTests.m; sourceTree = "<group>"; };
/* End PBXFileReference section */

/* Begin PBXFrameworksBuildPhase section */
		70647D891B0CAC2A00FB1BF7 /* Frameworks */ = {
			isa = PBXFrameworksBuildPhase;
			buildActionMask = 2147483647;
			files = (
			);
			runOnlyForDeploymentPostprocessing = 0;
		};
		70647DA21B0CAC2A00FB1BF7 /* Frameworks */ = {
			isa = PBXFrameworksBuildPhase;
			buildActionMask = 2147483647;
			files = (
			);
			runOnlyForDeploymentPostprocessing = 0;
		};
/* End PBXFrameworksBuildPhase section */

/* Begin PBXGroup section */
		70647D831B0CAC2A00FB1BF7 = {
			isa = PBXGroup;
			children = (
				70647D8E1B0CAC2A00FB1BF7 /* reflection-UIalertviewtut */,
				70647DA81B0CAC2A00FB1BF7 /* reflection-UIalertviewtutTests */,
				70647D8D1B0CAC2A00FB1BF7 /* Products */,
			);
			sourceTree = "<group>";
		};
		70647D8D1B0CAC2A00FB1BF7 /* Products */ = {
			isa = PBXGroup;
			children = (
				70647D8C1B0CAC2A00FB1BF7 /* reflection-UIalertviewtut.app */,
				70647DA51B0CAC2A00FB1BF7 /* reflection-UIalertviewtutTests.xctest */,
			);
			name = Products;
			sourceTree = "<group>";
		};
		70647D8E1B0CAC2A00FB1BF7 /* reflection-UIalertviewtut */ = {
			isa = PBXGroup;
			children = (
				70647D931B0CAC2A00FB1BF7 /* AppDelegate.h */,
				70647D941B0CAC2A00FB1BF7 /* AppDelegate.m */,
				70647D961B0CAC2A00FB1BF7 /* ViewController.h */,
				70647D971B0CAC2A00FB1BF7 /* ViewController.m */,
				70647D991B0CAC2A00FB1BF7 /* Main.storyboard */,
				70647D9C1B0CAC2A00FB1BF7 /* Images.xcassets */,
				70647D9E1B0CAC2A00FB1BF7 /* LaunchScreen.xib */,
				70647D8F1B0CAC2A00FB1BF7 /* Supporting Files */,
			);
			path = "reflection-UIalertviewtut";
			sourceTree = "<group>";
		};
		70647D8F1B0CAC2A00FB1BF7 /* Supporting Files */ = {
			isa = PBXGroup;
			children = (
				70647D901B0CAC2A00FB1BF7 /* Info.plist */,
				70647D911B0CAC2A00FB1BF7 /* main.m */,
			);
			name = "Supporting Files";
			sourceTree = "<group>";
		};
		70647DA81B0CAC2A00FB1BF7 /* reflection-UIalertviewtutTests */ = {
			isa = PBXGroup;
			children = (
				70647DAB1B0CAC2A00FB1BF7 /* reflection_UIalertviewtutTests.m */,
				70647DA91B0CAC2A00FB1BF7 /* Supporting Files */,
			);
			path = "reflection-UIalertviewtutTests";
			sourceTree = "<group>";
		};
		70647DA91B0CAC2A00FB1BF7 /* Supporting Files */ = {
			isa = PBXGroup;
			children = (
				70647DAA1B0CAC2A00FB1BF7 /* Info.plist */,
			);
			name = "Supporting Files";
			sourceTree = "<group>";
		};
/* End PBXGroup section */

/* Begin PBXNativeTarget section */
		70647D8B1B0CAC2A00FB1BF7 /* reflection-UIalertviewtut */ = {
			isa = PBXNativeTarget;
			buildConfigurationList = 70647DAF1B0CAC2A00FB1BF7 /* Build configuration list for PBXNativeTarget "reflection-UIalertviewtut" */;
			buildPhases = (
				70647D881B0CAC2A00FB1BF7 /* Sources */,
				70647D891B0CAC2A00FB1BF7 /* Frameworks */,
				70647D8A1B0CAC2A00FB1BF7 /* Resources */,
			);
			buildRules = (
			);
			dependencies = (
			);
			name = "reflection-UIalertviewtut";
			productName = "reflection-UIalertviewtut";
			productReference = 70647D8C1B0CAC2A00FB1BF7 /* reflection-UIalertviewtut.app */;
			productType = "com.apple.product-type.application";
		};
		70647DA41B0CAC2A00FB1BF7 /* reflection-UIalertviewtutTests */ = {
			isa = PBXNativeTarget;
			buildConfigurationList = 70647DB21B0CAC2A00FB1BF7 /* Build configuration list for PBXNativeTarget "reflection-UIalertviewtutTests" */;
			buildPhases = (
				70647DA11B0CAC2A00FB1BF7 /* Sources */,
				70647DA21B0CAC2A00FB1BF7 /* Frameworks */,
				70647DA31B0CAC2A00FB1BF7 /* Resources */,
			);
			buildRules = (
			);
			dependencies = (
				70647DA71B0CAC2A00FB1BF7 /* PBXTargetDependency */,
			);
			name = "reflection-UIalertviewtutTests";
			productName = "reflection-UIalertviewtutTests";
			productReference = 70647DA51B0CAC2A00FB1BF7 /* reflection-UIalertviewtutTests.xctest */;
			productType = "com.apple.product-type.bundle.unit-test";
		};
/* End PBXNativeTarget section */

/* Begin PBXProject section */
		70647D841B0CAC2A00FB1BF7 /* Project object */ = {
			isa = PBXProject;
			attributes = {
				LastUpgradeCheck = 0630;
				ORGANIZATIONNAME = "Breno Ramos";
				TargetAttributes = {
					70647D8B1B0CAC2A00FB1BF7 = {
						CreatedOnToolsVersion = 6.3;
					};
					70647DA41B0CAC2A00FB1BF7 = {
						CreatedOnToolsVersion = 6.3;
						TestTargetID = 70647D8B1B0CAC2A00FB1BF7;
					};
				};
			};
			buildConfigurationList = 70647D871B0CAC2A00FB1BF7 /* Build configuration list for PBXProject "reflection-UIalertviewtut" */;
			compatibilityVersion = "Xcode 3.2";
			developmentRegion = English;
			hasScannedForEncodings = 0;
			knownRegions = (
				en,
				Base,
			);
			mainGroup = 70647D831B0CAC2A00FB1BF7;
			productRefGroup = 70647D8D1B0CAC2A00FB1BF7 /* Products */;
			projectDirPath = "";
			projectRoot = "";
			targets = (
				70647D8B1B0CAC2A00FB1BF7 /* reflection-UIalertviewtut */,
				70647DA41B0CAC2A00FB1BF7 /* reflection-UIalertviewtutTests */,
			);
		};
/* End PBXProject section */

/* Begin PBXResourcesBuildPhase section */
		70647D8A1B0CAC2A00FB1BF7 /* Resources */ = {
			isa = PBXResourcesBuildPhase;
			buildActionMask = 2147483647;
			files = (
				70647D9B1B0CAC2A00FB1BF7 /* Main.storyboard in Resources */,
				70647DA01B0CAC2A00FB1BF7 /* LaunchScreen.xib in Resources */,
				70647D9D1B0CAC2A00FB1BF7 /* Images.xcassets in Resources */,
			);
			runOnlyForDeploymentPostprocessing = 0;
		};
		70647DA31B0CAC2A00FB1BF7 /* Resources */ = {
			isa = PBXResourcesBuildPhase;
			buildActionMask = 2147483647;
			files = (
			);
			runOnlyForDeploymentPostprocessing = 0;
		};
/* End PBXResourcesBuildPhase section */

/* Begin PBXSourcesBuildPhase section */
		70647D881B0CAC2A00FB1BF7 /* Sources */ = {
			isa = PBXSourcesBuildPhase;
			buildActionMask = 2147483647;
			files = (
				70647D981B0CAC2A00FB1BF7 /* ViewController.m in Sources */,
				70647D951B0CAC2A00FB1BF7 /* AppDelegate.m in Sources */,
				70647D921B0CAC2A00FB1BF7 /* main.m in Sources */,
			);
			runOnlyForDeploymentPostprocessing = 0;
		};
		70647DA11B0CAC2A00FB1BF7 /* Sources */ = {
			isa = PBXSourcesBuildPhase;
			buildActionMask = 2147483647;
			files = (
				70647DAC1B0CAC2A00FB1BF7 /* reflection_UIalertviewtutTests.m in Sources */,
			);
			runOnlyForDeploymentPostprocessing = 0;
		};
/* End PBXSourcesBuildPhase section */

/* Begin PBXTargetDependency section */
		70647DA71B0CAC2A00FB1BF7 /* PBXTargetDependency */ = {
			isa = PBXTargetDependency;
			target = 70647D8B1B0CAC2A00FB1BF7 /* reflection-UIalertviewtut */;
			targetProxy = 70647DA61B0CAC2A00FB1BF7 /* PBXContainerItemProxy */;
		};
/* End PBXTargetDependency section */

/* Begin PBXVariantGroup section */
		70647D991B0CAC2A00FB1BF7 /* Main.storyboard */ = {
			isa = PBXVariantGroup;
			children = (
				70647D9A1B0CAC2A00FB1BF7 /* Base */,
			);
			name = Main.storyboard;
			sourceTree = "<group>";
		};
		70647D9E1B0CAC2A00FB1BF7 /* LaunchScreen.xib */ = {
			isa = PBXVariantGroup;
			children = (
				70647D9F1B0CAC2A00FB1BF7 /* Base */,
			);
			name = LaunchScreen.xib;
			sourceTree = "<group>";
		};
/* End PBXVariantGroup section */

/* Begin XCBuildConfiguration section */
		70647DAD1B0CAC2A00FB1BF7 /* Debug */ = {
			isa = XCBuildConfiguration;
			buildSettings = {
				ALWAYS_SEARCH_USER_PATHS = NO;
				CLANG_CXX_LANGUAGE_STANDARD = "gnu++0x";
				CLANG_CXX_LIBRARY = "libc++";
				CLANG_ENABLE_MODULES = YES;
				CLANG_ENABLE_OBJC_ARC = YES;
				CLANG_WARN_BOOL_CONVERSION = YES;
				CLANG_WARN_CONSTANT_CONVERSION = YES;
				CLANG_WARN_DIRECT_OBJC_ISA_USAGE = YES_ERROR;
				CLANG_WARN_EMPTY_BODY = YES;
				CLANG_WARN_ENUM_CONVERSION = YES;
				CLANG_WARN_INT_CONVERSION = YES;
				CLANG_WARN_OBJC_ROOT_CLASS = YES_ERROR;
				CLANG_WARN_UNREACHABLE_CODE = YES;
				CLANG_WARN__DUPLICATE_METHOD_MATCH = YES;
				"CODE_SIGN_IDENTITY[sdk=iphoneos*]" = "iPhone Developer";
				COPY_PHASE_STRIP = NO;
				DEBUG_INFORMATION_FORMAT = "dwarf-with-dsym";
				ENABLE_STRICT_OBJC_MSGSEND = YES;
				GCC_C_LANGUAGE_STANDARD = gnu99;
				GCC_DYNAMIC_NO_PIC = NO;
				GCC_NO_COMMON_BLOCKS = YES;
				GCC_OPTIMIZATION_LEVEL = 0;
				GCC_PREPROCESSOR_DEFINITIONS = (
					"DEBUG=1",
					"$(inherited)",
				);
				GCC_SYMBOLS_PRIVATE_EXTERN = NO;
				GCC_WARN_64_TO_32_BIT_CONVERSION = YES;
				GCC_WARN_ABOUT_RETURN_TYPE = YES_ERROR;
				GCC_WARN_UNDECLARED_SELECTOR = YES;
				GCC_WARN_UNINITIALIZED_AUTOS = YES_AGGRESSIVE;
				GCC_WARN_UNUSED_FUNCTION = YES;
				GCC_WARN_UNUSED_VARIABLE = YES;
				IPHONEOS_DEPLOYMENT_TARGET = 8.3;
				MTL_ENABLE_DEBUG_INFO = YES;
				ONLY_ACTIVE_ARCH = YES;
				SDKROOT = iphoneos;
			};
			name = Debug;
		};
		70647DAE1B0CAC2A00FB1BF7 /* Release */ = {
			isa = XCBuildConfiguration;
			buildSettings = {
				ALWAYS_SEARCH_USER_PATHS = NO;
				CLANG_CXX_LANGUAGE_STANDARD = "gnu++0x";
				CLANG_CXX_LIBRARY = "libc++";
				CLANG_ENABLE_MODULES = YES;
				CLANG_ENABLE_OBJC_ARC = YES;
				CLANG_WARN_BOOL_CONVERSION = YES;
				CLANG_WARN_CONSTANT_CONVERSION = YES;
				CLANG_WARN_DIRECT_OBJC_ISA_USAGE = YES_ERROR;
				CLANG_WARN_EMPTY_BODY = YES;
				CLANG_WARN_ENUM_CONVERSION = YES;
				CLANG_WARN_INT_CONVERSION = YES;
				CLANG_WARN_OBJC_ROOT_CLASS = YES_ERROR;
				CLANG_WARN_UNREACHABLE_CODE = YES;
				CLANG_WARN__DUPLICATE_METHOD_MATCH = YES;
				"CODE_SIGN_IDENTITY[sdk=iphoneos*]" = "iPhone Developer";
				COPY_PHASE_STRIP = NO;
				DEBUG_INFORMATION_FORMAT = "dwarf-with-dsym";
				ENABLE_NS_ASSERTIONS = NO;
				ENABLE_STRICT_OBJC_MSGSEND = YES;
				GCC_C_LANGUAGE_STANDARD = gnu99;
				GCC_NO_COMMON_BLOCKS = YES;
				GCC_WARN_64_TO_32_BIT_CONVERSION = YES;
				GCC_WARN_ABOUT_RETURN_TYPE = YES_ERROR;
				GCC_WARN_UNDECLARED_SELECTOR = YES;
				GCC_WARN_UNINITIALIZED_AUTOS = YES_AGGRESSIVE;
				GCC_WARN_UNUSED_FUNCTION = YES;
				GCC_WARN_UNUSED_VARIABLE = YES;
				IPHONEOS_DEPLOYMENT_TARGET = 8.3;
				MTL_ENABLE_DEBUG_INFO = NO;
				SDKROOT = iphoneos;
				VALIDATE_PRODUCT = YES;
			};
			name = Release;
		};
		70647DB01B0CAC2A00FB1BF7 /* Debug */ = {
			isa = XCBuildConfiguration;
			buildSettings = {
				ASSETCATALOG_COMPILER_APPICON_NAME = AppIcon;
				INFOPLIST_FILE = "reflection-UIalertviewtut/Info.plist";
				LD_RUNPATH_SEARCH_PATHS = "$(inherited) @executable_path/Frameworks";
				PRODUCT_NAME = "$(TARGET_NAME)";
			};
			name = Debug;
		};
		70647DB11B0CAC2A00FB1BF7 /* Release */ = {
			isa = XCBuildConfiguration;
			buildSettings = {
				ASSETCATALOG_COMPILER_APPICON_NAME = AppIcon;
				INFOPLIST_FILE = "reflection-UIalertviewtut/Info.plist";
				LD_RUNPATH_SEARCH_PATHS = "$(inherited) @executable_path/Frameworks";
				PRODUCT_NAME = "$(TARGET_NAME)";
			};
			name = Release;
		};
		70647DB31B0CAC2A00FB1BF7 /* Debug */ = {
			isa = XCBuildConfiguration;
			buildSettings = {
				BUNDLE_LOADER = "$(TEST_HOST)";
				FRAMEWORK_SEARCH_PATHS = (
					"$(SDKROOT)/Developer/Library/Frameworks",
					"$(inherited)",
				);
				GCC_PREPROCESSOR_DEFINITIONS = (
					"DEBUG=1",
					"$(inherited)",
				);
				INFOPLIST_FILE = "reflection-UIalertviewtutTests/Info.plist";
				LD_RUNPATH_SEARCH_PATHS = "$(inherited) @executable_path/Frameworks @loader_path/Frameworks";
				PRODUCT_NAME = "$(TARGET_NAME)";
				TEST_HOST = "$(BUILT_PRODUCTS_DIR)/reflection-UIalertviewtut.app/reflection-UIalertviewtut";
			};
			name = Debug;
		};
		70647DB41B0CAC2A00FB1BF7 /* Release */ = {
			isa = XCBuildConfiguration;
			buildSettings = {
				BUNDLE_LOADER = "$(TEST_HOST)";
				FRAMEWORK_SEARCH_PATHS = (
					"$(SDKROOT)/Developer/Library/Frameworks",
					"$(inherited)",
				);
				INFOPLIST_FILE = "reflection-UIalertviewtutTests/Info.plist";
				LD_RUNPATH_SEARCH_PATHS = "$(inherited) @executable_path/Frameworks @loader_path/Frameworks";
				PRODUCT_NAME = "$(TARGET_NAME)";
				TEST_HOST = "$(BUILT_PRODUCTS_DIR)/reflection-UIalertviewtut.app/reflection-UIalertviewtut";
			};
			name = Release;
		};
/* End XCBuildConfiguration section */

/* Begin XCConfigurationList section */
		70647D871B0CAC2A00FB1BF7 /* Build configuration list for PBXProject "reflection-UIalertviewtut" */ = {
			isa = XCConfigurationList;
			buildConfigurations = (
				70647DAD1B0CAC2A00FB1BF7 /* Debug */,
				70647DAE1B0CAC2A00FB1BF7 /* Release */,
			);
			defaultConfigurationIsVisible = 0;
			defaultConfigurationName = Release;
		};
		70647DAF1B0CAC2A00FB1BF7 /* Build configuration list for PBXNativeTarget "reflection-UIalertviewtut" */ = {
			isa = XCConfigurationList;
			buildConfigurations = (
				70647DB01B0CAC2A00FB1BF7 /* Debug */,
				70647DB11B0CAC2A00FB1BF7 /* Release */,
			);
			defaultConfigurationIsVisible = 0;
		};
		70647DB21B0CAC2A00FB1BF7 /* Build configuration list for PBXNativeTarget "reflection-UIalertviewtutTests" */ = {
			isa = XCConfigurationList;
			buildConfigurations = (
				70647DB31B0CAC2A00FB1BF7 /* Debug */,
				70647DB41B0CAC2A00FB1BF7 /* Release */,
			);
			defaultConfigurationIsVisible = 0;
		};
/* End XCConfigurationList section */
	};
	rootObject = 70647D841B0CAC2A00FB1BF7 /* Project object */;
}
