// !$*UTF8*$!
{
	archiveVersion = 1;
	classes = {
	};
	objectVersion = 46;
	objects = {

/* Begin PBXBuildFile section */
		701A25771B0CC63D008594F3 /* AudioToolbox.framework in Frameworks */ = {isa = PBXBuildFile; fileRef = 701A25761B0CC63D008594F3 /* AudioToolbox.framework */; };
		709E1A9B1B0CC14B0080D7CD /* main.m in Sources */ = {isa = PBXBuildFile; fileRef = 709E1A9A1B0CC14B0080D7CD /* main.m */; };
		709E1A9E1B0CC14B0080D7CD /* AppDelegate.m in Sources */ = {isa = PBXBuildFile; fileRef = 709E1A9D1B0CC14B0080D7CD /* AppDelegate.m */; };
		709E1AA11B0CC14B0080D7CD /* ViewController.m in Sources */ = {isa = PBXBuildFile; fileRef = 709E1AA01B0CC14B0080D7CD /* ViewController.m */; };
		709E1AA41B0CC14B0080D7CD /* Main.storyboard in Resources */ = {isa = PBXBuildFile; fileRef = 709E1AA21B0CC14B0080D7CD /* Main.storyboard */; };
		709E1AA61B0CC14B0080D7CD /* Images.xcassets in Resources */ = {isa = PBXBuildFile; fileRef = 709E1AA51B0CC14B0080D7CD /* Images.xcassets */; };
		709E1AA91B0CC14B0080D7CD /* LaunchScreen.xib in Resources */ = {isa = PBXBuildFile; fileRef = 709E1AA71B0CC14B0080D7CD /* LaunchScreen.xib */; };
		709E1AB51B0CC14B0080D7CD /* proximitySensorTutorialTests.m in Sources */ = {isa = PBXBuildFile; fileRef = 709E1AB41B0CC14B0080D7CD /* proximitySensorTutorialTests.m */; };
/* End PBXBuildFile section */

/* Begin PBXContainerItemProxy section */
		709E1AAF1B0CC14B0080D7CD /* PBXContainerItemProxy */ = {
			isa = PBXContainerItemProxy;
			containerPortal = 709E1A8D1B0CC14B0080D7CD /* Project object */;
			proxyType = 1;
			remoteGlobalIDString = 709E1A941B0CC14B0080D7CD;
			remoteInfo = proximitySensorTutorial;
		};
/* End PBXContainerItemProxy section */

/* Begin PBXFileReference section */
		701A25761B0CC63D008594F3 /* AudioToolbox.framework */ = {isa = PBXFileReference; lastKnownFileType = wrapper.framework; name = AudioToolbox.framework; path = System/Library/Frameworks/AudioToolbox.framework; sourceTree = SDKROOT; };
		709E1A951B0CC14B0080D7CD /* proximitySensorTutorial.app */ = {isa = PBXFileReference; explicitFileType = wrapper.application; includeInIndex = 0; path = proximitySensorTutorial.app; sourceTree = BUILT_PRODUCTS_DIR; };
		709E1A991B0CC14B0080D7CD /* Info.plist */ = {isa = PBXFileReference; lastKnownFileType = text.plist.xml; path = Info.plist; sourceTree = "<group>"; };
		709E1A9A1B0CC14B0080D7CD /* main.m */ = {isa = PBXFileReference; lastKnownFileType = sourcecode.c.objc; path = main.m; sourceTree = "<group>"; };
		709E1A9C1B0CC14B0080D7CD /* AppDelegate.h */ = {isa = PBXFileReference; lastKnownFileType = sourcecode.c.h; path = AppDelegate.h; sourceTree = "<group>"; };
		709E1A9D1B0CC14B0080D7CD /* AppDelegate.m */ = {isa = PBXFileReference; lastKnownFileType = sourcecode.c.objc; path = AppDelegate.m; sourceTree = "<group>"; };
		709E1A9F1B0CC14B0080D7CD /* ViewController.h */ = {isa = PBXFileReference; lastKnownFileType = sourcecode.c.h; path = ViewController.h; sourceTree = "<group>"; };
		709E1AA01B0CC14B0080D7CD /* ViewController.m */ = {isa = PBXFileReference; lastKnownFileType = sourcecode.c.objc; path = ViewController.m; sourceTree = "<group>"; };
		709E1AA31B0CC14B0080D7CD /* Base */ = {isa = PBXFileReference; lastKnownFileType = file.storyboard; name = Base; path = Base.lproj/Main.storyboard; sourceTree = "<group>"; };
		709E1AA51B0CC14B0080D7CD /* Images.xcassets */ = {isa = PBXFileReference; lastKnownFileType = folder.assetcatalog; path = Images.xcassets; sourceTree = "<group>"; };
		709E1AA81B0CC14B0080D7CD /* Base */ = {isa = PBXFileReference; lastKnownFileType = file.xib; name = Base; path = Base.lproj/LaunchScreen.xib; sourceTree = "<group>"; };
		709E1AAE1B0CC14B0080D7CD /* proximitySensorTutorialTests.xctest */ = {isa = PBXFileReference; explicitFileType = wrapper.cfbundle; includeInIndex = 0; path = proximitySensorTutorialTests.xctest; sourceTree = BUILT_PRODUCTS_DIR; };
		709E1AB31B0CC14B0080D7CD /* Info.plist */ = {isa = PBXFileReference; lastKnownFileType = text.plist.xml; path = Info.plist; sourceTree = "<group>"; };
		709E1AB41B0CC14B0080D7CD /* proximitySensorTutorialTests.m */ = {isa = PBXFileReference; lastKnownFileType = sourcecode.c.objc; path = proximitySensorTutorialTests.m; sourceTree = "<group>"; };
/* End PBXFileReference section */

/* Begin PBXFrameworksBuildPhase section */
		709E1A921B0CC14B0080D7CD /* Frameworks */ = {
			isa = PBXFrameworksBuildPhase;
			buildActionMask = 2147483647;
			files = (
				701A25771B0CC63D008594F3 /* AudioToolbox.framework in Frameworks */,
			);
			runOnlyForDeploymentPostprocessing = 0;
		};
		709E1AAB1B0CC14B0080D7CD /* Frameworks */ = {
			isa = PBXFrameworksBuildPhase;
			buildActionMask = 2147483647;
			files = (
			);
			runOnlyForDeploymentPostprocessing = 0;
		};
/* End PBXFrameworksBuildPhase section */

/* Begin PBXGroup section */
		709E1A8C1B0CC14B0080D7CD = {
			isa = PBXGroup;
			children = (
				701A25761B0CC63D008594F3 /* AudioToolbox.framework */,
				709E1A971B0CC14B0080D7CD /* proximitySensorTutorial */,
				709E1AB11B0CC14B0080D7CD /* proximitySensorTutorialTests */,
				709E1A961B0CC14B0080D7CD /* Products */,
			);
			sourceTree = "<group>";
		};
		709E1A961B0CC14B0080D7CD /* Products */ = {
			isa = PBXGroup;
			children = (
				709E1A951B0CC14B0080D7CD /* proximitySensorTutorial.app */,
				709E1AAE1B0CC14B0080D7CD /* proximitySensorTutorialTests.xctest */,
			);
			name = Products;
			sourceTree = "<group>";
		};
		709E1A971B0CC14B0080D7CD /* proximitySensorTutorial */ = {
			isa = PBXGroup;
			children = (
				709E1A9C1B0CC14B0080D7CD /* AppDelegate.h */,
				709E1A9D1B0CC14B0080D7CD /* AppDelegate.m */,
				709E1A9F1B0CC14B0080D7CD /* ViewController.h */,
				709E1AA01B0CC14B0080D7CD /* ViewController.m */,
				709E1AA21B0CC14B0080D7CD /* Main.storyboard */,
				709E1AA51B0CC14B0080D7CD /* Images.xcassets */,
				709E1AA71B0CC14B0080D7CD /* LaunchScreen.xib */,
				709E1A981B0CC14B0080D7CD /* Supporting Files */,
			);
			path = proximitySensorTutorial;
			sourceTree = "<group>";
		};
		709E1A981B0CC14B0080D7CD /* Supporting Files */ = {
			isa = PBXGroup;
			children = (
				709E1A991B0CC14B0080D7CD /* Info.plist */,
				709E1A9A1B0CC14B0080D7CD /* main.m */,
			);
			name = "Supporting Files";
			sourceTree = "<group>";
		};
		709E1AB11B0CC14B0080D7CD /* proximitySensorTutorialTests */ = {
			isa = PBXGroup;
			children = (
				709E1AB41B0CC14B0080D7CD /* proximitySensorTutorialTests.m */,
				709E1AB21B0CC14B0080D7CD /* Supporting Files */,
			);
			path = proximitySensorTutorialTests;
			sourceTree = "<group>";
		};
		709E1AB21B0CC14B0080D7CD /* Supporting Files */ = {
			isa = PBXGroup;
			children = (
				709E1AB31B0CC14B0080D7CD /* Info.plist */,
			);
			name = "Supporting Files";
			sourceTree = "<group>";
		};
/* End PBXGroup section */

/* Begin PBXNativeTarget section */
		709E1A941B0CC14B0080D7CD /* proximitySensorTutorial */ = {
			isa = PBXNativeTarget;
			buildConfigurationList = 709E1AB81B0CC14B0080D7CD /* Build configuration list for PBXNativeTarget "proximitySensorTutorial" */;
			buildPhases = (
				709E1A911B0CC14B0080D7CD /* Sources */,
				709E1A921B0CC14B0080D7CD /* Frameworks */,
				709E1A931B0CC14B0080D7CD /* Resources */,
			);
			buildRules = (
			);
			dependencies = (
			);
			name = proximitySensorTutorial;
			productName = proximitySensorTutorial;
			productReference = 709E1A951B0CC14B0080D7CD /* proximitySensorTutorial.app */;
			productType = "com.apple.product-type.application";
		};
		709E1AAD1B0CC14B0080D7CD /* proximitySensorTutorialTests */ = {
			isa = PBXNativeTarget;
			buildConfigurationList = 709E1ABB1B0CC14B0080D7CD /* Build configuration list for PBXNativeTarget "proximitySensorTutorialTests" */;
			buildPhases = (
				709E1AAA1B0CC14B0080D7CD /* Sources */,
				709E1AAB1B0CC14B0080D7CD /* Frameworks */,
				709E1AAC1B0CC14B0080D7CD /* Resources */,
			);
			buildRules = (
			);
			dependencies = (
				709E1AB01B0CC14B0080D7CD /* PBXTargetDependency */,
			);
			name = proximitySensorTutorialTests;
			productName = proximitySensorTutorialTests;
			productReference = 709E1AAE1B0CC14B0080D7CD /* proximitySensorTutorialTests.xctest */;
			productType = "com.apple.product-type.bundle.unit-test";
		};
/* End PBXNativeTarget section */

/* Begin PBXProject section */
		709E1A8D1B0CC14B0080D7CD /* Project object */ = {
			isa = PBXProject;
			attributes = {
				LastUpgradeCheck = 0630;
				ORGANIZATIONNAME = "Breno Ramos";
				TargetAttributes = {
					709E1A941B0CC14B0080D7CD = {
						CreatedOnToolsVersion = 6.3;
					};
					709E1AAD1B0CC14B0080D7CD = {
						CreatedOnToolsVersion = 6.3;
						TestTargetID = 709E1A941B0CC14B0080D7CD;
					};
				};
			};
			buildConfigurationList = 709E1A901B0CC14B0080D7CD /* Build configuration list for PBXProject "proximitySensorTutorial" */;
			compatibilityVersion = "Xcode 3.2";
			developmentRegion = English;
			hasScannedForEncodings = 0;
			knownRegions = (
				en,
				Base,
			);
			mainGroup = 709E1A8C1B0CC14B0080D7CD;
			productRefGroup = 709E1A961B0CC14B0080D7CD /* Products */;
			projectDirPath = "";
			projectRoot = "";
			targets = (
				709E1A941B0CC14B0080D7CD /* proximitySensorTutorial */,
				709E1AAD1B0CC14B0080D7CD /* proximitySensorTutorialTests */,
			);
		};
/* End PBXProject section */

/* Begin PBXResourcesBuildPhase section */
		709E1A931B0CC14B0080D7CD /* Resources */ = {
			isa = PBXResourcesBuildPhase;
			buildActionMask = 2147483647;
			files = (
				709E1AA41B0CC14B0080D7CD /* Main.storyboard in Resources */,
				709E1AA91B0CC14B0080D7CD /* LaunchScreen.xib in Resources */,
				709E1AA61B0CC14B0080D7CD /* Images.xcassets in Resources */,
			);
			runOnlyForDeploymentPostprocessing = 0;
		};
		709E1AAC1B0CC14B0080D7CD /* Resources */ = {
			isa = PBXResourcesBuildPhase;
			buildActionMask = 2147483647;
			files = (
			);
			runOnlyForDeploymentPostprocessing = 0;
		};
/* End PBXResourcesBuildPhase section */

/* Begin PBXSourcesBuildPhase section */
		709E1A911B0CC14B0080D7CD /* Sources */ = {
			isa = PBXSourcesBuildPhase;
			buildActionMask = 2147483647;
			files = (
				709E1AA11B0CC14B0080D7CD /* ViewController.m in Sources */,
				709E1A9E1B0CC14B0080D7CD /* AppDelegate.m in Sources */,
				709E1A9B1B0CC14B0080D7CD /* main.m in Sources */,
			);
			runOnlyForDeploymentPostprocessing = 0;
		};
		709E1AAA1B0CC14B0080D7CD /* Sources */ = {
			isa = PBXSourcesBuildPhase;
			buildActionMask = 2147483647;
			files = (
				709E1AB51B0CC14B0080D7CD /* proximitySensorTutorialTests.m in Sources */,
			);
			runOnlyForDeploymentPostprocessing = 0;
		};
/* End PBXSourcesBuildPhase section */

/* Begin PBXTargetDependency section */
		709E1AB01B0CC14B0080D7CD /* PBXTargetDependency */ = {
			isa = PBXTargetDependency;
			target = 709E1A941B0CC14B0080D7CD /* proximitySensorTutorial */;
			targetProxy = 709E1AAF1B0CC14B0080D7CD /* PBXContainerItemProxy */;
		};
/* End PBXTargetDependency section */

/* Begin PBXVariantGroup section */
		709E1AA21B0CC14B0080D7CD /* Main.storyboard */ = {
			isa = PBXVariantGroup;
			children = (
				709E1AA31B0CC14B0080D7CD /* Base */,
			);
			name = Main.storyboard;
			sourceTree = "<group>";
		};
		709E1AA71B0CC14B0080D7CD /* LaunchScreen.xib */ = {
			isa = PBXVariantGroup;
			children = (
				709E1AA81B0CC14B0080D7CD /* Base */,
			);
			name = LaunchScreen.xib;
			sourceTree = "<group>";
		};
/* End PBXVariantGroup section */

/* Begin XCBuildConfiguration section */
		709E1AB61B0CC14B0080D7CD /* Debug */ = {
			isa = XCBuildConfiguration;
			buildSettings = {
				ALWAYS_SEARCH_USER_PATHS = NO;
				CLANG_CXX_LANGUAGE_STANDARD = "gnu++0x";
				CLANG_CXX_LIBRARY = "libc++";
				CLANG_ENABLE_MODULES = YES;
				CLANG_ENABLE_OBJC_ARC = YES;
				CLANG_WARN_BOOL_CONVERSION = YES;
				CLANG_WARN_CONSTANT_CONVERSION = YES;
				CLANG_WARN_DIRECT_OBJC_ISA_USAGE = YES_ERROR;
				CLANG_WARN_EMPTY_BODY = YES;
				CLANG_WARN_ENUM_CONVERSION = YES;
				CLANG_WARN_INT_CONVERSION = YES;
				CLANG_WARN_OBJC_ROOT_CLASS = YES_ERROR;
				CLANG_WARN_UNREACHABLE_CODE = YES;
				CLANG_WARN__DUPLICATE_METHOD_MATCH = YES;
				"CODE_SIGN_IDENTITY[sdk=iphoneos*]" = "iPhone Developer";
				COPY_PHASE_STRIP = NO;
				DEBUG_INFORMATION_FORMAT = "dwarf-with-dsym";
				ENABLE_STRICT_OBJC_MSGSEND = YES;
				GCC_C_LANGUAGE_STANDARD = gnu99;
				GCC_DYNAMIC_NO_PIC = NO;
				GCC_NO_COMMON_BLOCKS = YES;
				GCC_OPTIMIZATION_LEVEL = 0;
				GCC_PREPROCESSOR_DEFINITIONS = (
					"DEBUG=1",
					"$(inherited)",
				);
				GCC_SYMBOLS_PRIVATE_EXTERN = NO;
				GCC_WARN_64_TO_32_BIT_CONVERSION = YES;
				GCC_WARN_ABOUT_RETURN_TYPE = YES_ERROR;
				GCC_WARN_UNDECLARED_SELECTOR = YES;
				GCC_WARN_UNINITIALIZED_AUTOS = YES_AGGRESSIVE;
				GCC_WARN_UNUSED_FUNCTION = YES;
				GCC_WARN_UNUSED_VARIABLE = YES;
				IPHONEOS_DEPLOYMENT_TARGET = 8.3;
				MTL_ENABLE_DEBUG_INFO = YES;
				ONLY_ACTIVE_ARCH = YES;
				SDKROOT = iphoneos;
			};
			name = Debug;
		};
		709E1AB71B0CC14B0080D7CD /* Release */ = {
			isa = XCBuildConfiguration;
			buildSettings = {
				ALWAYS_SEARCH_USER_PATHS = NO;
				CLANG_CXX_LANGUAGE_STANDARD = "gnu++0x";
				CLANG_CXX_LIBRARY = "libc++";
				CLANG_ENABLE_MODULES = YES;
				CLANG_ENABLE_OBJC_ARC = YES;
				CLANG_WARN_BOOL_CONVERSION = YES;
				CLANG_WARN_CONSTANT_CONVERSION = YES;
				CLANG_WARN_DIRECT_OBJC_ISA_USAGE = YES_ERROR;
				CLANG_WARN_EMPTY_BODY = YES;
				CLANG_WARN_ENUM_CONVERSION = YES;
				CLANG_WARN_INT_CONVERSION = YES;
				CLANG_WARN_OBJC_ROOT_CLASS = YES_ERROR;
				CLANG_WARN_UNREACHABLE_CODE = YES;
				CLANG_WARN__DUPLICATE_METHOD_MATCH = YES;
				"CODE_SIGN_IDENTITY[sdk=iphoneos*]" = "iPhone Developer";
				COPY_PHASE_STRIP = NO;
				DEBUG_INFORMATION_FORMAT = "dwarf-with-dsym";
				ENABLE_NS_ASSERTIONS = NO;
				ENABLE_STRICT_OBJC_MSGSEND = YES;
				GCC_C_LANGUAGE_STANDARD = gnu99;
				GCC_NO_COMMON_BLOCKS = YES;
				GCC_WARN_64_TO_32_BIT_CONVERSION = YES;
				GCC_WARN_ABOUT_RETURN_TYPE = YES_ERROR;
				GCC_WARN_UNDECLARED_SELECTOR = YES;
				GCC_WARN_UNINITIALIZED_AUTOS = YES_AGGRESSIVE;
				GCC_WARN_UNUSED_FUNCTION = YES;
				GCC_WARN_UNUSED_VARIABLE = YES;
				IPHONEOS_DEPLOYMENT_TARGET = 8.3;
				MTL_ENABLE_DEBUG_INFO = NO;
				SDKROOT = iphoneos;
				VALIDATE_PRODUCT = YES;
			};
			name = Release;
		};
		709E1AB91B0CC14B0080D7CD /* Debug */ = {
			isa = XCBuildConfiguration;
			buildSettings = {
				ASSETCATALOG_COMPILER_APPICON_NAME = AppIcon;
				INFOPLIST_FILE = proximitySensorTutorial/Info.plist;
				LD_RUNPATH_SEARCH_PATHS = "$(inherited) @executable_path/Frameworks";
				PRODUCT_NAME = "$(TARGET_NAME)";
			};
			name = Debug;
		};
		709E1ABA1B0CC14B0080D7CD /* Release */ = {
			isa = XCBuildConfiguration;
			buildSettings = {
				ASSETCATALOG_COMPILER_APPICON_NAME = AppIcon;
				INFOPLIST_FILE = proximitySensorTutorial/Info.plist;
				LD_RUNPATH_SEARCH_PATHS = "$(inherited) @executable_path/Frameworks";
				PRODUCT_NAME = "$(TARGET_NAME)";
			};
			name = Release;
		};
		709E1ABC1B0CC14B0080D7CD /* Debug */ = {
			isa = XCBuildConfiguration;
			buildSettings = {
				BUNDLE_LOADER = "$(TEST_HOST)";
				FRAMEWORK_SEARCH_PATHS = (
					"$(SDKROOT)/Developer/Library/Frameworks",
					"$(inherited)",
				);
				GCC_PREPROCESSOR_DEFINITIONS = (
					"DEBUG=1",
					"$(inherited)",
				);
				INFOPLIST_FILE = proximitySensorTutorialTests/Info.plist;
				LD_RUNPATH_SEARCH_PATHS = "$(inherited) @executable_path/Frameworks @loader_path/Frameworks";
				PRODUCT_NAME = "$(TARGET_NAME)";
				TEST_HOST = "$(BUILT_PRODUCTS_DIR)/proximitySensorTutorial.app/proximitySensorTutorial";
			};
			name = Debug;
		};
		709E1ABD1B0CC14B0080D7CD /* Release */ = {
			isa = XCBuildConfiguration;
			buildSettings = {
				BUNDLE_LOADER = "$(TEST_HOST)";
				FRAMEWORK_SEARCH_PATHS = (
					"$(SDKROOT)/Developer/Library/Frameworks",
					"$(inherited)",
				);
				INFOPLIST_FILE = proximitySensorTutorialTests/Info.plist;
				LD_RUNPATH_SEARCH_PATHS = "$(inherited) @executable_path/Frameworks @loader_path/Frameworks";
				PRODUCT_NAME = "$(TARGET_NAME)";
				TEST_HOST = "$(BUILT_PRODUCTS_DIR)/proximitySensorTutorial.app/proximitySensorTutorial";
			};
			name = Release;
		};
/* End XCBuildConfiguration section */

/* Begin XCConfigurationList section */
		709E1A901B0CC14B0080D7CD /* Build configuration list for PBXProject "proximitySensorTutorial" */ = {
			isa = XCConfigurationList;
			buildConfigurations = (
				709E1AB61B0CC14B0080D7CD /* Debug */,
				709E1AB71B0CC14B0080D7CD /* Release */,
			);
			defaultConfigurationIsVisible = 0;
			defaultConfigurationName = Release;
		};
		709E1AB81B0CC14B0080D7CD /* Build configuration list for PBXNativeTarget "proximitySensorTutorial" */ = {
			isa = XCConfigurationList;
			buildConfigurations = (
				709E1AB91B0CC14B0080D7CD /* Debug */,
				709E1ABA1B0CC14B0080D7CD /* Release */,
			);
			defaultConfigurationIsVisible = 0;
			defaultConfigurationName = Release;
		};
		709E1ABB1B0CC14B0080D7CD /* Build configuration list for PBXNativeTarget "proximitySensorTutorialTests" */ = {
			isa = XCConfigurationList;
			buildConfigurations = (
				709E1ABC1B0CC14B0080D7CD /* Debug */,
				709E1ABD1B0CC14B0080D7CD /* Release */,
			);
			defaultConfigurationIsVisible = 0;
			defaultConfigurationName = Release;
		};
/* End XCConfigurationList section */
	};
	rootObject = 709E1A8D1B0CC14B0080D7CD /* Project object */;
}
